
Microsoft Visual Studio Solution File, Format Version 12.00
# Visual Studio Version 17
VisualStudioVersion = 17.6.33723.286
MinimumVisualStudioVersion = 10.0.40219.1
Project("{FAE04EC0-301F-11D3-BF4B-00C04F79EFBC}") = "WpfApp3", "WpfApp3.csproj", "{9C9A1D7D-B9A2-426C-8546-CE0D59C134D8}"
EndProject
Global
	GlobalSection(SolutionConfigurationPlatforms) = preSolution
		Debug|Any CPU = Debug|Any CPU
		Release|Any CPU = Release|Any CPU
	EndGlobalSection
	GlobalSection(ProjectConfigurationPlatforms) = postSolution
		{9C9A1D7D-B9A2-426C-8546-CE0D59C134D8}.Debug|Any CPU.ActiveCfg = Debug|Any CPU
		{9C9A1D7D-B9A2-426C-8546-CE0D59C134D8}.Debug|Any CPU.Build.0 = Debug|Any CPU
		{9C9A1D7D-B9A2-426C-8546-CE0D59C134D8}.Release|Any CPU.ActiveCfg = Release|Any CPU
		{9C9A1D7D-B9A2-426C-8546-CE0D59C134D8}.Release|Any CPU.Build.0 = Release|Any CPU
	EndGlobalSection
	GlobalSection(SolutionProperties) = preSolution
		HideSolutionNode = FALSE
	EndGlobalSection
	GlobalSection(ExtensibilityGlobals) = postSolution
		SolutionGuid = {F01D2A79-979E-4043-9630-5FC664D3F1B9}
	EndGlobalSection
EndGlobal
